
Microsoft Visual Studio Solution File, Format Version 12.00
# Visual Studio 2012
Project("{8BC9CEB8-8B4A-11D0-8D11-00A0C91BC942}") = "成绩管理系统", "成绩管理系统\成绩管理系统.vcxproj", "{6F59BCC9-69A5-4A2F-9CBB-F2FE04700D41}"
EndProject
Global
	GlobalSection(SolutionConfigurationPlatforms) = preSolution
		Debug|Win32 = Debug|Win32
		Release|Win32 = Release|Win32
	EndGlobalSection
	GlobalSection(ProjectConfigurationPlatforms) = postSolution
		{6F59BCC9-69A5-4A2F-9CBB-F2FE04700D41}.Debug|Win32.ActiveCfg = Debug|Win32
		{6F59BCC9-69A5-4A2F-9CBB-F2FE04700D41}.Debug|Win32.Build.0 = Debug|Win32
		{6F59BCC9-69A5-4A2F-9CBB-F2FE04700D41}.Release|Win32.ActiveCfg = Release|Win32
		{6F59BCC9-69A5-4A2F-9CBB-F2FE04700D41}.Release|Win32.Build.0 = Release|Win32
	EndGlobalSection
	GlobalSection(SolutionProperties) = preSolution
		HideSolutionNode = FALSE
	EndGlobalSection
EndGlobal
